
Microsoft Visual Studio Solution File, Format Version 12.00
# Visual Studio 15
VisualStudioVersion = 15.0.27703.2042
MinimumVisualStudioVersion = 10.0.40219.1
Project("{FAE04EC0-301F-11D3-BF4B-00C04F79EFBC}") = "hello2", "hello2\hello2.csproj", "{B6EE9D00-0C04-46E4-81DB-391CDF9EC603}"
EndProject
Global
	GlobalSection(SolutionConfigurationPlatforms) = preSolution
		Debug|Any CPU = Debug|Any CPU
		Release|Any CPU = Release|Any CPU
	EndGlobalSection
	GlobalSection(ProjectConfigurationPlatforms) = postSolution
		{B6EE9D00-0C04-46E4-81DB-391CDF9EC603}.Debug|Any CPU.ActiveCfg = Debug|Any CPU
		{B6EE9D00-0C04-46E4-81DB-391CDF9EC603}.Debug|Any CPU.Build.0 = Debug|Any CPU
		{B6EE9D00-0C04-46E4-81DB-391CDF9EC603}.Release|Any CPU.ActiveCfg = Release|Any CPU
		{B6EE9D00-0C04-46E4-81DB-391CDF9EC603}.Release|Any CPU.Build.0 = Release|Any CPU
	EndGlobalSection
	GlobalSection(SolutionProperties) = preSolution
		HideSolutionNode = FALSE
	EndGlobalSection
	GlobalSection(ExtensibilityGlobals) = postSolution
		SolutionGuid = {802B7F5B-CA26-4ADA-A858-AAE3A9ACFE71}
	EndGlobalSection
EndGlobal
